
Microsoft Visual Studio Solution File, Format Version 12.00
# Visual Studio Version 17
VisualStudioVersion = 17.13.35913.81 d17.13
MinimumVisualStudioVersion = 10.0.40219.1
Project("{FAE04EC0-301F-11D3-BF4B-00C04F79EFBC}") = "CyberBotGUI", "CyberBotGUI\CyberBotGUI.csproj", "{CDFD95F5-79C2-4FA9-ACDE-2D18282FFFB7}"
EndProject
Global
	GlobalSection(SolutionConfigurationPlatforms) = preSolution
		Debug|Any CPU = Debug|Any CPU
		Release|Any CPU = Release|Any CPU
	EndGlobalSection
	GlobalSection(ProjectConfigurationPlatforms) = postSolution
		{CDFD95F5-79C2-4FA9-ACDE-2D18282FFFB7}.Debug|Any CPU.ActiveCfg = Debug|Any CPU
		{CDFD95F5-79C2-4FA9-ACDE-2D18282FFFB7}.Debug|Any CPU.Build.0 = Debug|Any CPU
		{CDFD95F5-79C2-4FA9-ACDE-2D18282FFFB7}.Release|Any CPU.ActiveCfg = Release|Any CPU
		{CDFD95F5-79C2-4FA9-ACDE-2D18282FFFB7}.Release|Any CPU.Build.0 = Release|Any CPU
	EndGlobalSection
	GlobalSection(SolutionProperties) = preSolution
		HideSolutionNode = FALSE
	EndGlobalSection
	GlobalSection(ExtensibilityGlobals) = postSolution
		SolutionGuid = {A81FB770-362C-4A0A-859B-BAF41F4272AA}
	EndGlobalSection
EndGlobal
